// !$*UTF8*$!
{
	archiveVersion = 1;
	classes = {
	};
	objectVersion = 46;
	objects = {

/* Begin PBXBuildFile section */
		77F266411BF3702000C71A90 /* main.m in Sources */ = {isa = PBXBuildFile; fileRef = 77F266401BF3702000C71A90 /* main.m */; };
		77F266441BF3702000C71A90 /* AppDelegate.m in Sources */ = {isa = PBXBuildFile; fileRef = 77F266431BF3702000C71A90 /* AppDelegate.m */; };
		77F2664A1BF3702000C71A90 /* Main.storyboard in Resources */ = {isa = PBXBuildFile; fileRef = 77F266481BF3702000C71A90 /* Main.storyboard */; };
		77F2664C1BF3702000C71A90 /* Assets.xcassets in Resources */ = {isa = PBXBuildFile; fileRef = 77F2664B1BF3702000C71A90 /* Assets.xcassets */; };
		77F2664F1BF3702000C71A90 /* LaunchScreen.storyboard in Resources */ = {isa = PBXBuildFile; fileRef = 77F2664D1BF3702000C71A90 /* LaunchScreen.storyboard */; };
		77F266581BF3706E00C71A90 /* TableViewController.m in Sources */ = {isa = PBXBuildFile; fileRef = 77F266571BF3706E00C71A90 /* TableViewController.m */; };
		77F2665B1BF3712C00C71A90 /* CustomTableViewCell.m in Sources */ = {isa = PBXBuildFile; fileRef = 77F2665A1BF3712C00C71A90 /* CustomTableViewCell.m */; };
/* End PBXBuildFile section */

/* Begin PBXFileReference section */
		77F2663C1BF3702000C71A90 /* SelfSizingDemo.app */ = {isa = PBXFileReference; explicitFileType = wrapper.application; includeInIndex = 0; path = SelfSizingDemo.app; sourceTree = BUILT_PRODUCTS_DIR; };
		77F266401BF3702000C71A90 /* main.m */ = {isa = PBXFileReference; lastKnownFileType = sourcecode.c.objc; path = main.m; sourceTree = "<group>"; };
		77F266421BF3702000C71A90 /* AppDelegate.h */ = {isa = PBXFileReference; lastKnownFileType = sourcecode.c.h; path = AppDelegate.h; sourceTree = "<group>"; };
		77F266431BF3702000C71A90 /* AppDelegate.m */ = {isa = PBXFileReference; lastKnownFileType = sourcecode.c.objc; path = AppDelegate.m; sourceTree = "<group>"; };
		77F266491BF3702000C71A90 /* Base */ = {isa = PBXFileReference; lastKnownFileType = file.storyboard; name = Base; path = Base.lproj/Main.storyboard; sourceTree = "<group>"; };
		77F2664B1BF3702000C71A90 /* Assets.xcassets */ = {isa = PBXFileReference; lastKnownFileType = folder.assetcatalog; path = Assets.xcassets; sourceTree = "<group>"; };
		77F2664E1BF3702000C71A90 /* Base */ = {isa = PBXFileReference; lastKnownFileType = file.storyboard; name = Base; path = Base.lproj/LaunchScreen.storyboard; sourceTree = "<group>"; };
		77F266501BF3702000C71A90 /* Info.plist */ = {isa = PBXFileReference; lastKnownFileType = text.plist.xml; path = Info.plist; sourceTree = "<group>"; };
		77F266561BF3706E00C71A90 /* TableViewController.h */ = {isa = PBXFileReference; fileEncoding = 4; lastKnownFileType = sourcecode.c.h; path = TableViewController.h; sourceTree = "<group>"; };
		77F266571BF3706E00C71A90 /* TableViewController.m */ = {isa = PBXFileReference; fileEncoding = 4; lastKnownFileType = sourcecode.c.objc; path = TableViewController.m; sourceTree = "<group>"; };
		77F266591BF3712C00C71A90 /* CustomTableViewCell.h */ = {isa = PBXFileReference; fileEncoding = 4; lastKnownFileType = sourcecode.c.h; path = CustomTableViewCell.h; sourceTree = "<group>"; };
		77F2665A1BF3712C00C71A90 /* CustomTableViewCell.m */ = {isa = PBXFileReference; fileEncoding = 4; lastKnownFileType = sourcecode.c.objc; path = CustomTableViewCell.m; sourceTree = "<group>"; };
/* End PBXFileReference section */

/* Begin PBXFrameworksBuildPhase section */
		77F266391BF3702000C71A90 /* Frameworks */ = {
			isa = PBXFrameworksBuildPhase;
			buildActionMask = 2147483647;
			files = (
			);
			runOnlyForDeploymentPostprocessing = 0;
		};
/* End PBXFrameworksBuildPhase section */

/* Begin PBXGroup section */
		77F266331BF3702000C71A90 = {
			isa = PBXGroup;
			children = (
				77F2663E1BF3702000C71A90 /* SelfSizingDemo */,
				77F2663D1BF3702000C71A90 /* Products */,
			);
			sourceTree = "<group>";
		};
		77F2663D1BF3702000C71A90 /* Products */ = {
			isa = PBXGroup;
			children = (
				77F2663C1BF3702000C71A90 /* SelfSizingDemo.app */,
			);
			name = Products;
			sourceTree = "<group>";
		};
		77F2663E1BF3702000C71A90 /* SelfSizingDemo */ = {
			isa = PBXGroup;
			children = (
				77F266421BF3702000C71A90 /* AppDelegate.h */,
				77F266431BF3702000C71A90 /* AppDelegate.m */,
				77F266481BF3702000C71A90 /* Main.storyboard */,
				77F2664B1BF3702000C71A90 /* Assets.xcassets */,
				77F2664D1BF3702000C71A90 /* LaunchScreen.storyboard */,
				77F266501BF3702000C71A90 /* Info.plist */,
				77F2663F1BF3702000C71A90 /* Supporting Files */,
				77F266561BF3706E00C71A90 /* TableViewController.h */,
				77F266571BF3706E00C71A90 /* TableViewController.m */,
				77F266591BF3712C00C71A90 /* CustomTableViewCell.h */,
				77F2665A1BF3712C00C71A90 /* CustomTableViewCell.m */,
			);
			path = SelfSizingDemo;
			sourceTree = "<group>";
		};
		77F2663F1BF3702000C71A90 /* Supporting Files */ = {
			isa = PBXGroup;
			children = (
				77F266401BF3702000C71A90 /* main.m */,
			);
			name = "Supporting Files";
			sourceTree = "<group>";
		};
/* End PBXGroup section */

/* Begin PBXNativeTarget section */
		77F2663B1BF3702000C71A90 /* SelfSizingDemo */ = {
			isa = PBXNativeTarget;
			buildConfigurationList = 77F266531BF3702000C71A90 /* Build configuration list for PBXNativeTarget "SelfSizingDemo" */;
			buildPhases = (
				77F266381BF3702000C71A90 /* Sources */,
				77F266391BF3702000C71A90 /* Frameworks */,
				77F2663A1BF3702000C71A90 /* Resources */,
			);
			buildRules = (
			);
			dependencies = (
			);
			name = SelfSizingDemo;
			productName = SelfSizingDemo;
			productReference = 77F2663C1BF3702000C71A90 /* SelfSizingDemo.app */;
			productType = "com.apple.product-type.application";
		};
/* End PBXNativeTarget section */

/* Begin PBXProject section */
		77F266341BF3702000C71A90 /* Project object */ = {
			isa = PBXProject;
			attributes = {
				LastUpgradeCheck = 0710;
				ORGANIZATIONNAME = Sharon;
				TargetAttributes = {
					77F2663B1BF3702000C71A90 = {
						CreatedOnToolsVersion = 7.1;
					};
				};
			};
			buildConfigurationList = 77F266371BF3702000C71A90 /* Build configuration list for PBXProject "SelfSizingDemo" */;
			compatibilityVersion = "Xcode 3.2";
			developmentRegion = English;
			hasScannedForEncodings = 0;
			knownRegions = (
				en,
				Base,
			);
			mainGroup = 77F266331BF3702000C71A90;
			productRefGroup = 77F2663D1BF3702000C71A90 /* Products */;
			projectDirPath = "";
			projectRoot = "";
			targets = (
				77F2663B1BF3702000C71A90 /* SelfSizingDemo */,
			);
		};
/* End PBXProject section */

/* Begin PBXResourcesBuildPhase section */
		77F2663A1BF3702000C71A90 /* Resources */ = {
			isa = PBXResourcesBuildPhase;
			buildActionMask = 2147483647;
			files = (
				77F2664F1BF3702000C71A90 /* LaunchScreen.storyboard in Resources */,
				77F2664C1BF3702000C71A90 /* Assets.xcassets in Resources */,
				77F2664A1BF3702000C71A90 /* Main.storyboard in Resources */,
			);
			runOnlyForDeploymentPostprocessing = 0;
		};
/* End PBXResourcesBuildPhase section */

/* Begin PBXSourcesBuildPhase section */
		77F266381BF3702000C71A90 /* Sources */ = {
			isa = PBXSourcesBuildPhase;
			buildActionMask = 2147483647;
			files = (
				77F266441BF3702000C71A90 /* AppDelegate.m in Sources */,
				77F266411BF3702000C71A90 /* main.m in Sources */,
				77F2665B1BF3712C00C71A90 /* CustomTableViewCell.m in Sources */,
				77F266581BF3706E00C71A90 /* TableViewController.m in Sources */,
			);
			runOnlyForDeploymentPostprocessing = 0;
		};
/* End PBXSourcesBuildPhase section */

/* Begin PBXVariantGroup section */
		77F266481BF3702000C71A90 /* Main.storyboard */ = {
			isa = PBXVariantGroup;
			children = (
				77F266491BF3702000C71A90 /* Base */,
			);
			name = Main.storyboard;
			sourceTree = "<group>";
		};
		77F2664D1BF3702000C71A90 /* LaunchScreen.storyboard */ = {
			isa = PBXVariantGroup;
			children = (
				77F2664E1BF3702000C71A90 /* Base */,
			);
			name = LaunchScreen.storyboard;
			sourceTree = "<group>";
		};
/* End PBXVariantGroup section */

/* Begin XCBuildConfiguration section */
		77F266511BF3702000C71A90 /* Debug */ = {
			isa = XCBuildConfiguration;
			buildSettings = {
				ALWAYS_SEARCH_USER_PATHS = NO;
				CLANG_CXX_LANGUAGE_STANDARD = "gnu++0x";
				CLANG_CXX_LIBRARY = "libc++";
				CLANG_ENABLE_MODULES = YES;
				CLANG_ENABLE_OBJC_ARC = YES;
				CLANG_WARN_BOOL_CONVERSION = YES;
				CLANG_WARN_CONSTANT_CONVERSION = YES;
				CLANG_WARN_DIRECT_OBJC_ISA_USAGE = YES_ERROR;
				CLANG_WARN_EMPTY_BODY = YES;
				CLANG_WARN_ENUM_CONVERSION = YES;
				CLANG_WARN_INT_CONVERSION = YES;
				CLANG_WARN_OBJC_ROOT_CLASS = YES_ERROR;
				CLANG_WARN_UNREACHABLE_CODE = YES;
				CLANG_WARN__DUPLICATE_METHOD_MATCH = YES;
				"CODE_SIGN_IDENTITY[sdk=iphoneos*]" = "iPhone Developer";
				COPY_PHASE_STRIP = NO;
				DEBUG_INFORMATION_FORMAT = dwarf;
				ENABLE_STRICT_OBJC_MSGSEND = YES;
				ENABLE_TESTABILITY = YES;
				GCC_C_LANGUAGE_STANDARD = gnu99;
				GCC_DYNAMIC_NO_PIC = NO;
				GCC_NO_COMMON_BLOCKS = YES;
				GCC_OPTIMIZATION_LEVEL = 0;
				GCC_PREPROCESSOR_DEFINITIONS = (
					"DEBUG=1",
					"$(inherited)",
				);
				GCC_WARN_64_TO_32_BIT_CONVERSION = YES;
				GCC_WARN_ABOUT_RETURN_TYPE = YES_ERROR;
				GCC_WARN_UNDECLARED_SELECTOR = YES;
				GCC_WARN_UNINITIALIZED_AUTOS = YES_AGGRESSIVE;
				GCC_WARN_UNUSED_FUNCTION = YES;
				GCC_WARN_UNUSED_VARIABLE = YES;
				IPHONEOS_DEPLOYMENT_TARGET = 9.1;
				MTL_ENABLE_DEBUG_INFO = YES;
				ONLY_ACTIVE_ARCH = YES;
				SDKROOT = iphoneos;
			};
			name = Debug;
		};
		77F266521BF3702000C71A90 /* Release */ = {
			isa = XCBuildConfiguration;
			buildSettings = {
				ALWAYS_SEARCH_USER_PATHS = NO;
				CLANG_CXX_LANGUAGE_STANDARD = "gnu++0x";
				CLANG_CXX_LIBRARY = "libc++";
				CLANG_ENABLE_MODULES = YES;
				CLANG_ENABLE_OBJC_ARC = YES;
				CLANG_WARN_BOOL_CONVERSION = YES;
				CLANG_WARN_CONSTANT_CONVERSION = YES;
				CLANG_WARN_DIRECT_OBJC_ISA_USAGE = YES_ERROR;
				CLANG_WARN_EMPTY_BODY = YES;
				CLANG_WARN_ENUM_CONVERSION = YES;
				CLANG_WARN_INT_CONVERSION = YES;
				CLANG_WARN_OBJC_ROOT_CLASS = YES_ERROR;
				CLANG_WARN_UNREACHABLE_CODE = YES;
				CLANG_WARN__DUPLICATE_METHOD_MATCH = YES;
				"CODE_SIGN_IDENTITY[sdk=iphoneos*]" = "iPhone Developer";
				COPY_PHASE_STRIP = NO;
				DEBUG_INFORMATION_FORMAT = "dwarf-with-dsym";
				ENABLE_NS_ASSERTIONS = NO;
				ENABLE_STRICT_OBJC_MSGSEND = YES;
				GCC_C_LANGUAGE_STANDARD = gnu99;
				GCC_NO_COMMON_BLOCKS = YES;
				GCC_WARN_64_TO_32_BIT_CONVERSION = YES;
				GCC_WARN_ABOUT_RETURN_TYPE = YES_ERROR;
				GCC_WARN_UNDECLARED_SELECTOR = YES;
				GCC_WARN_UNINITIALIZED_AUTOS = YES_AGGRESSIVE;
				GCC_WARN_UNUSED_FUNCTION = YES;
				GCC_WARN_UNUSED_VARIABLE = YES;
				IPHONEOS_DEPLOYMENT_TARGET = 9.1;
				MTL_ENABLE_DEBUG_INFO = NO;
				SDKROOT = iphoneos;
				VALIDATE_PRODUCT = YES;
			};
			name = Release;
		};
		77F266541BF3702000C71A90 /* Debug */ = {
			isa = XCBuildConfiguration;
			buildSettings = {
				ASSETCATALOG_COMPILER_APPICON_NAME = AppIcon;
				INFOPLIST_FILE = SelfSizingDemo/Info.plist;
				LD_RUNPATH_SEARCH_PATHS = "$(inherited) @executable_path/Frameworks";
				PRODUCT_BUNDLE_IDENTIFIER = com.Sharon.SelfSizingDemo;
				PRODUCT_NAME = "$(TARGET_NAME)";
			};
			name = Debug;
		};
		77F266551BF3702000C71A90 /* Release */ = {
			isa = XCBuildConfiguration;
			buildSettings = {
				ASSETCATALOG_COMPILER_APPICON_NAME = AppIcon;
				INFOPLIST_FILE = SelfSizingDemo/Info.plist;
				LD_RUNPATH_SEARCH_PATHS = "$(inherited) @executable_path/Frameworks";
				PRODUCT_BUNDLE_IDENTIFIER = com.Sharon.SelfSizingDemo;
				PRODUCT_NAME = "$(TARGET_NAME)";
			};
			name = Release;
		};
/* End XCBuildConfiguration section */

/* Begin XCConfigurationList section */
		77F266371BF3702000C71A90 /* Build configuration list for PBXProject "SelfSizingDemo" */ = {
			isa = XCConfigurationList;
			buildConfigurations = (
				77F266511BF3702000C71A90 /* Debug */,
				77F266521BF3702000C71A90 /* Release */,
			);
			defaultConfigurationIsVisible = 0;
			defaultConfigurationName = Release;
		};
		77F266531BF3702000C71A90 /* Build configuration list for PBXNativeTarget "SelfSizingDemo" */ = {
			isa = XCConfigurationList;
			buildConfigurations = (
				77F266541BF3702000C71A90 /* Debug */,
				77F266551BF3702000C71A90 /* Release */,
			);
			defaultConfigurationIsVisible = 0;
		};
/* End XCConfigurationList section */
	};
	rootObject = 77F266341BF3702000C71A90 /* Project object */;
}
